{
  "name": "domui-ts",
  "version": "1.0.0",
  "lockfileVersion": 1,
  "requires": true,
  "dependencies": {
    "@types/jquery": {
      "version": "2.0.56",
      "resolved": "https://registry.npmjs.org/@types/jquery/-/jquery-2.0.56.tgz",
      "integrity": "sha512-tcNulMBr4fuMeBhwrRNQw3JaWg7vXP9bi64nKM5qYbaIN/oyo4n9O4TG5Thyn1BmhH159XvDxD4y3kqqpYS4sg=="
    },
    "@types/jqueryui": {
      "version": "1.12.15",
      "resolved": "https://registry.npmjs.org/@types/jqueryui/-/jqueryui-1.12.15.tgz",
      "integrity": "sha512-993YPaPj06yrUB1GOLZukmryIbA+blkrUzF+TZfP0BkLFnz+JA6H1pde4FtxYpDilgt9o/iPYEpN2KT0MMTNfg==",
      "requires": {
        "@types/jquery": "2.0.56"
      }
    },
    "typescript": {
      "version": "4.3.2",
      "resolved": "https://registry.npmjs.org/typescript/-/typescript-4.3.2.tgz",
      "integrity": "sha512-zZ4hShnmnoVnAHpVHWpTcxdv7dWP60S2FsydQLV8V5PbS3FifjWFFRiHSWpDJahly88PRyV5teTSLoq4eG7mKw==",
      "dev": true
    }
  }
}
